
Microsoft Visual Studio Solution File, Format Version 12.00
# Visual Studio Version 16
VisualStudioVersion = 16.0.30114.105
MinimumVisualStudioVersion = 10.0.40219.1
Project("{2150E333-8FDC-42A3-9474-1A3956D46DE8}") = "src", "src", "{5F95EDB5-4D9B-4C5E-AE20-12706657CEF1}"
EndProject
Project("{FAE04EC0-301F-11D3-BF4B-00C04F79EFBC}") = "AFA.WebAPI", "src\AFA.WebAPI\AFA.WebAPI.csproj", "{8DC240F1-BD5B-49CB-9883-D219238009A9}"
EndProject
Global
	GlobalSection(SolutionConfigurationPlatforms) = preSolution
		Debug|Any CPU = Debug|Any CPU
		Release|Any CPU = Release|Any CPU
	EndGlobalSection
	GlobalSection(SolutionProperties) = preSolution
		HideSolutionNode = FALSE
	EndGlobalSection
	GlobalSection(ProjectConfigurationPlatforms) = postSolution
		{8DC240F1-BD5B-49CB-9883-D219238009A9}.Debug|Any CPU.ActiveCfg = Debug|Any CPU
		{8DC240F1-BD5B-49CB-9883-D219238009A9}.Debug|Any CPU.Build.0 = Debug|Any CPU
		{8DC240F1-BD5B-49CB-9883-D219238009A9}.Release|Any CPU.ActiveCfg = Release|Any CPU
		{8DC240F1-BD5B-49CB-9883-D219238009A9}.Release|Any CPU.Build.0 = Release|Any CPU
	EndGlobalSection
	GlobalSection(NestedProjects) = preSolution
		{8DC240F1-BD5B-49CB-9883-D219238009A9} = {5F95EDB5-4D9B-4C5E-AE20-12706657CEF1}
	EndGlobalSection
EndGlobal
