
Microsoft Visual Studio Solution File, Format Version 12.00
# Visual Studio Version 16
VisualStudioVersion = 16.0.30114.105
MinimumVisualStudioVersion = 10.0.40219.1
Project("{2150E333-8FDC-42A3-9474-1A3956D46DE8}") = "src", "src", "{5F95EDB5-4D9B-4C5E-AE20-12706657CEF1}"
EndProject
Project("{2150E333-8FDC-42A3-9474-1A3956D46DE8}") = "test", "test", "{FBD1A13E-2DBA-422B-97DD-0D82D2C5FA3A}"
EndProject
Project("{FAE04EC0-301F-11D3-BF4B-00C04F79EFBC}") = "Application", "src\Application\Application.csproj", "{300DE08B-5259-48E1-9545-8DB97650436D}"
EndProject
Project("{FAE04EC0-301F-11D3-BF4B-00C04F79EFBC}") = "Domain", "src\Domain\Domain.csproj", "{3A2B4B18-1007-4580-B8C5-337458D7821B}"
EndProject
Project("{FAE04EC0-301F-11D3-BF4B-00C04F79EFBC}") = "Infra", "src\Infra\Infra.csproj", "{F159BFDC-33B6-4DDF-A5D5-CBF89F4DA2EB}"
EndProject
Project("{FAE04EC0-301F-11D3-BF4B-00C04F79EFBC}") = "WebAPI", "src\WebAPI\WebAPI.csproj", "{36F304C3-A1F9-4465-B8A6-3B4272106E21}"
EndProject
Project("{FAE04EC0-301F-11D3-BF4B-00C04F79EFBC}") = "Benchmark", "test\Benchmark\Benchmark.csproj", "{9E3B3885-6194-48A9-8A17-AD8BF0673D2E}"
EndProject
Project("{FAE04EC0-301F-11D3-BF4B-00C04F79EFBC}") = "UnitTests", "test\UnitTests\UnitTests.csproj", "{4337F10E-C20E-4E07-97B7-163431D70CDA}"
EndProject
Project("{FAE04EC0-301F-11D3-BF4B-00C04F79EFBC}") = "IntegrationTests", "test\IntegrationTests\IntegrationTests.csproj", "{B4F7DC90-7FFC-4B7A-9FBC-852F7404CC7D}"
EndProject
Global
	GlobalSection(SolutionConfigurationPlatforms) = preSolution
		Debug|Any CPU = Debug|Any CPU
		Release|Any CPU = Release|Any CPU
	EndGlobalSection
	GlobalSection(SolutionProperties) = preSolution
		HideSolutionNode = FALSE
	EndGlobalSection
	GlobalSection(ProjectConfigurationPlatforms) = postSolution
		{300DE08B-5259-48E1-9545-8DB97650436D}.Debug|Any CPU.ActiveCfg = Debug|Any CPU
		{300DE08B-5259-48E1-9545-8DB97650436D}.Debug|Any CPU.Build.0 = Debug|Any CPU
		{300DE08B-5259-48E1-9545-8DB97650436D}.Release|Any CPU.ActiveCfg = Release|Any CPU
		{300DE08B-5259-48E1-9545-8DB97650436D}.Release|Any CPU.Build.0 = Release|Any CPU
		{3A2B4B18-1007-4580-B8C5-337458D7821B}.Debug|Any CPU.ActiveCfg = Debug|Any CPU
		{3A2B4B18-1007-4580-B8C5-337458D7821B}.Debug|Any CPU.Build.0 = Debug|Any CPU
		{3A2B4B18-1007-4580-B8C5-337458D7821B}.Release|Any CPU.ActiveCfg = Release|Any CPU
		{3A2B4B18-1007-4580-B8C5-337458D7821B}.Release|Any CPU.Build.0 = Release|Any CPU
		{F159BFDC-33B6-4DDF-A5D5-CBF89F4DA2EB}.Debug|Any CPU.ActiveCfg = Debug|Any CPU
		{F159BFDC-33B6-4DDF-A5D5-CBF89F4DA2EB}.Debug|Any CPU.Build.0 = Debug|Any CPU
		{F159BFDC-33B6-4DDF-A5D5-CBF89F4DA2EB}.Release|Any CPU.ActiveCfg = Release|Any CPU
		{F159BFDC-33B6-4DDF-A5D5-CBF89F4DA2EB}.Release|Any CPU.Build.0 = Release|Any CPU
		{36F304C3-A1F9-4465-B8A6-3B4272106E21}.Debug|Any CPU.ActiveCfg = Debug|Any CPU
		{36F304C3-A1F9-4465-B8A6-3B4272106E21}.Debug|Any CPU.Build.0 = Debug|Any CPU
		{36F304C3-A1F9-4465-B8A6-3B4272106E21}.Release|Any CPU.ActiveCfg = Release|Any CPU
		{36F304C3-A1F9-4465-B8A6-3B4272106E21}.Release|Any CPU.Build.0 = Release|Any CPU
		{9E3B3885-6194-48A9-8A17-AD8BF0673D2E}.Debug|Any CPU.ActiveCfg = Debug|Any CPU
		{9E3B3885-6194-48A9-8A17-AD8BF0673D2E}.Debug|Any CPU.Build.0 = Debug|Any CPU
		{9E3B3885-6194-48A9-8A17-AD8BF0673D2E}.Release|Any CPU.ActiveCfg = Release|Any CPU
		{9E3B3885-6194-48A9-8A17-AD8BF0673D2E}.Release|Any CPU.Build.0 = Release|Any CPU
		{4337F10E-C20E-4E07-97B7-163431D70CDA}.Debug|Any CPU.ActiveCfg = Debug|Any CPU
		{4337F10E-C20E-4E07-97B7-163431D70CDA}.Debug|Any CPU.Build.0 = Debug|Any CPU
		{4337F10E-C20E-4E07-97B7-163431D70CDA}.Release|Any CPU.ActiveCfg = Release|Any CPU
		{4337F10E-C20E-4E07-97B7-163431D70CDA}.Release|Any CPU.Build.0 = Release|Any CPU
		{B4F7DC90-7FFC-4B7A-9FBC-852F7404CC7D}.Debug|Any CPU.ActiveCfg = Debug|Any CPU
		{B4F7DC90-7FFC-4B7A-9FBC-852F7404CC7D}.Debug|Any CPU.Build.0 = Debug|Any CPU
		{B4F7DC90-7FFC-4B7A-9FBC-852F7404CC7D}.Release|Any CPU.ActiveCfg = Release|Any CPU
		{B4F7DC90-7FFC-4B7A-9FBC-852F7404CC7D}.Release|Any CPU.Build.0 = Release|Any CPU
	EndGlobalSection
	GlobalSection(NestedProjects) = preSolution
		{300DE08B-5259-48E1-9545-8DB97650436D} = {5F95EDB5-4D9B-4C5E-AE20-12706657CEF1}
		{3A2B4B18-1007-4580-B8C5-337458D7821B} = {5F95EDB5-4D9B-4C5E-AE20-12706657CEF1}
		{F159BFDC-33B6-4DDF-A5D5-CBF89F4DA2EB} = {5F95EDB5-4D9B-4C5E-AE20-12706657CEF1}
		{36F304C3-A1F9-4465-B8A6-3B4272106E21} = {5F95EDB5-4D9B-4C5E-AE20-12706657CEF1}
		{9E3B3885-6194-48A9-8A17-AD8BF0673D2E} = {FBD1A13E-2DBA-422B-97DD-0D82D2C5FA3A}
		{4337F10E-C20E-4E07-97B7-163431D70CDA} = {FBD1A13E-2DBA-422B-97DD-0D82D2C5FA3A}
		{B4F7DC90-7FFC-4B7A-9FBC-852F7404CC7D} = {FBD1A13E-2DBA-422B-97DD-0D82D2C5FA3A}
	EndGlobalSection
EndGlobal
